// !$*UTF8*$!
{
	archiveVersion = 1;
	classes = {
	};
	objectVersion = 56;
	objects = {

/* Begin PBXBuildFile section */
		3446566F2B9AA81C00CE53B4 /* MyScene.sks in Resources */ = {isa = PBXBuildFile; fileRef = 3446566E2B9AA81C00CE53B4 /* MyScene.sks */; };
		3457DA252B86A20100922545 /* AppDelegate.swift in Sources */ = {isa = PBXBuildFile; fileRef = 3457DA242B86A20100922545 /* AppDelegate.swift */; };
		3457DA272B86A20100922545 /* SceneDelegate.swift in Sources */ = {isa = PBXBuildFile; fileRef = 3457DA262B86A20100922545 /* SceneDelegate.swift */; };
		3457DA292B86A20100922545 /* ViewController.swift in Sources */ = {isa = PBXBuildFile; fileRef = 3457DA282B86A20100922545 /* ViewController.swift */; };
		3457DA2C2B86A20100922545 /* Main.storyboard in Resources */ = {isa = PBXBuildFile; fileRef = 3457DA2A2B86A20100922545 /* Main.storyboard */; };
		3457DA2E2B86A20500922545 /* Assets.xcassets in Resources */ = {isa = PBXBuildFile; fileRef = 3457DA2D2B86A20500922545 /* Assets.xcassets */; };
		3457DA312B86A20500922545 /* LaunchScreen.storyboard in Resources */ = {isa = PBXBuildFile; fileRef = 3457DA2F2B86A20500922545 /* LaunchScreen.storyboard */; };
		3457DA3A2B86A3ED00922545 /* Lottie in Frameworks */ = {isa = PBXBuildFile; productRef = 3457DA392B86A3ED00922545 /* Lottie */; };
		3457DA3D2B86A3F900922545 /* AnimatedGradientView in Frameworks */ = {isa = PBXBuildFile; productRef = 3457DA3C2B86A3F900922545 /* AnimatedGradientView */; };
		A1EE09252B9BC013007D7763 /* mainLoginViewController.swift in Sources */ = {isa = PBXBuildFile; fileRef = A1EE09242B9BC013007D7763 /* mainLoginViewController.swift */; };
		A1EE09272B9BC09C007D7763 /* Homescreen.swift in Sources */ = {isa = PBXBuildFile; fileRef = A1EE09262B9BC09C007D7763 /* Homescreen.swift */; };
/* End PBXBuildFile section */

/* Begin PBXFileReference section */
		3446566E2B9AA81C00CE53B4 /* MyScene.sks */ = {isa = PBXFileReference; lastKnownFileType = file.sks; path = MyScene.sks; sourceTree = "<group>"; };
		3457DA212B86A20100922545 /* LearnQuest.app */ = {isa = PBXFileReference; explicitFileType = wrapper.application; includeInIndex = 0; path = LearnQuest.app; sourceTree = BUILT_PRODUCTS_DIR; };
		3457DA242B86A20100922545 /* AppDelegate.swift */ = {isa = PBXFileReference; lastKnownFileType = sourcecode.swift; path = AppDelegate.swift; sourceTree = "<group>"; };
		3457DA262B86A20100922545 /* SceneDelegate.swift */ = {isa = PBXFileReference; lastKnownFileType = sourcecode.swift; path = SceneDelegate.swift; sourceTree = "<group>"; };
		3457DA282B86A20100922545 /* ViewController.swift */ = {isa = PBXFileReference; lastKnownFileType = sourcecode.swift; path = ViewController.swift; sourceTree = "<group>"; };
		3457DA2B2B86A20100922545 /* Base */ = {isa = PBXFileReference; lastKnownFileType = file.storyboard; name = Base; path = Base.lproj/Main.storyboard; sourceTree = "<group>"; };
		3457DA2D2B86A20500922545 /* Assets.xcassets */ = {isa = PBXFileReference; lastKnownFileType = folder.assetcatalog; path = Assets.xcassets; sourceTree = "<group>"; };
		3457DA302B86A20500922545 /* Base */ = {isa = PBXFileReference; lastKnownFileType = file.storyboard; name = Base; path = Base.lproj/LaunchScreen.storyboard; sourceTree = "<group>"; };
		3457DA322B86A20500922545 /* Info.plist */ = {isa = PBXFileReference; lastKnownFileType = text.plist.xml; path = Info.plist; sourceTree = "<group>"; };
		A1EE09242B9BC013007D7763 /* mainLoginViewController.swift */ = {isa = PBXFileReference; lastKnownFileType = sourcecode.swift; path = mainLoginViewController.swift; sourceTree = "<group>"; };
		A1EE09262B9BC09C007D7763 /* Homescreen.swift */ = {isa = PBXFileReference; lastKnownFileType = sourcecode.swift; path = Homescreen.swift; sourceTree = "<group>"; };
/* End PBXFileReference section */

/* Begin PBXFrameworksBuildPhase section */
		3457DA1E2B86A20100922545 /* Frameworks */ = {
			isa = PBXFrameworksBuildPhase;
			buildActionMask = 2147483647;
			files = (
				3457DA3D2B86A3F900922545 /* AnimatedGradientView in Frameworks */,
				3457DA3A2B86A3ED00922545 /* Lottie in Frameworks */,
			);
			runOnlyForDeploymentPostprocessing = 0;
		};
/* End PBXFrameworksBuildPhase section */

/* Begin PBXGroup section */
		3457DA182B86A20100922545 = {
			isa = PBXGroup;
			children = (
				3457DA232B86A20100922545 /* LearnQuest */,
				3457DA222B86A20100922545 /* Products */,
			);
			sourceTree = "<group>";
		};
		3457DA222B86A20100922545 /* Products */ = {
			isa = PBXGroup;
			children = (
				3457DA212B86A20100922545 /* LearnQuest.app */,
			);
			name = Products;
			sourceTree = "<group>";
		};
		3457DA232B86A20100922545 /* LearnQuest */ = {
			isa = PBXGroup;
			children = (
				3457DA242B86A20100922545 /* AppDelegate.swift */,
				3457DA262B86A20100922545 /* SceneDelegate.swift */,
				3457DA282B86A20100922545 /* ViewController.swift */,
				3457DA2A2B86A20100922545 /* Main.storyboard */,
				A1EE09262B9BC09C007D7763 /* Homescreen.swift */,
				A1EE09242B9BC013007D7763 /* mainLoginViewController.swift */,
				3446566E2B9AA81C00CE53B4 /* MyScene.sks */,
				3457DA2D2B86A20500922545 /* Assets.xcassets */,
				3457DA2F2B86A20500922545 /* LaunchScreen.storyboard */,
				3457DA322B86A20500922545 /* Info.plist */,
			);
			path = LearnQuest;
			sourceTree = "<group>";
		};
/* End PBXGroup section */

/* Begin PBXNativeTarget section */
		3457DA202B86A20100922545 /* LearnQuest */ = {
			isa = PBXNativeTarget;
			buildConfigurationList = 3457DA352B86A20500922545 /* Build configuration list for PBXNativeTarget "LearnQuest" */;
			buildPhases = (
				3457DA1D2B86A20100922545 /* Sources */,
				3457DA1E2B86A20100922545 /* Frameworks */,
				3457DA1F2B86A20100922545 /* Resources */,
			);
			buildRules = (
			);
			dependencies = (
			);
			name = LearnQuest;
			packageProductDependencies = (
				3457DA392B86A3ED00922545 /* Lottie */,
				3457DA3C2B86A3F900922545 /* AnimatedGradientView */,
			);
			productName = LearnQuest;
			productReference = 3457DA212B86A20100922545 /* LearnQuest.app */;
			productType = "com.apple.product-type.application";
		};
/* End PBXNativeTarget section */

/* Begin PBXProject section */
		3457DA192B86A20100922545 /* Project object */ = {
			isa = PBXProject;
			attributes = {
				BuildIndependentTargetsInParallel = 1;
				LastSwiftUpdateCheck = 1520;
				LastUpgradeCheck = 1520;
				TargetAttributes = {
					3457DA202B86A20100922545 = {
						CreatedOnToolsVersion = 15.2;
					};
				};
			};
			buildConfigurationList = 3457DA1C2B86A20100922545 /* Build configuration list for PBXProject "LearnQuest" */;
			compatibilityVersion = "Xcode 14.0";
			developmentRegion = en;
			hasScannedForEncodings = 0;
			knownRegions = (
				en,
				Base,
			);
			mainGroup = 3457DA182B86A20100922545;
			packageReferences = (
				3457DA382B86A3ED00922545 /* XCRemoteSwiftPackageReference "lottie-ios" */,
				3457DA3B2B86A3F900922545 /* XCRemoteSwiftPackageReference "AnimatedGradientView" */,
			);
			productRefGroup = 3457DA222B86A20100922545 /* Products */;
			projectDirPath = "";
			projectRoot = "";
			targets = (
				3457DA202B86A20100922545 /* LearnQuest */,
			);
		};
/* End PBXProject section */

/* Begin PBXResourcesBuildPhase section */
		3457DA1F2B86A20100922545 /* Resources */ = {
			isa = PBXResourcesBuildPhase;
			buildActionMask = 2147483647;
			files = (
				3457DA312B86A20500922545 /* LaunchScreen.storyboard in Resources */,
				3457DA2E2B86A20500922545 /* Assets.xcassets in Resources */,
				3446566F2B9AA81C00CE53B4 /* MyScene.sks in Resources */,
				3457DA2C2B86A20100922545 /* Main.storyboard in Resources */,
			);
			runOnlyForDeploymentPostprocessing = 0;
		};
/* End PBXResourcesBuildPhase section */

/* Begin PBXSourcesBuildPhase section */
		3457DA1D2B86A20100922545 /* Sources */ = {
			isa = PBXSourcesBuildPhase;
			buildActionMask = 2147483647;
			files = (
				3457DA292B86A20100922545 /* ViewController.swift in Sources */,
				A1EE09252B9BC013007D7763 /* mainLoginViewController.swift in Sources */,
				3457DA252B86A20100922545 /* AppDelegate.swift in Sources */,
				3457DA272B86A20100922545 /* SceneDelegate.swift in Sources */,
				A1EE09272B9BC09C007D7763 /* Homescreen.swift in Sources */,
			);
			runOnlyForDeploymentPostprocessing = 0;
		};
/* End PBXSourcesBuildPhase section */

/* Begin PBXVariantGroup section */
		3457DA2A2B86A20100922545 /* Main.storyboard */ = {
			isa = PBXVariantGroup;
			children = (
				3457DA2B2B86A20100922545 /* Base */,
			);
			name = Main.storyboard;
			sourceTree = "<group>";
		};
		3457DA2F2B86A20500922545 /* LaunchScreen.storyboard */ = {
			isa = PBXVariantGroup;
			children = (
				3457DA302B86A20500922545 /* Base */,
			);
			name = LaunchScreen.storyboard;
			sourceTree = "<group>";
		};
/* End PBXVariantGroup section */

/* Begin XCBuildConfiguration section */
		3457DA332B86A20500922545 /* Debug */ = {
			isa = XCBuildConfiguration;
			buildSettings = {
				ALWAYS_SEARCH_USER_PATHS = NO;
				ASSETCATALOG_COMPILER_GENERATE_SWIFT_ASSET_SYMBOL_EXTENSIONS = YES;
				CLANG_ANALYZER_NONNULL = YES;
				CLANG_ANALYZER_NUMBER_OBJECT_CONVERSION = YES_AGGRESSIVE;
				CLANG_CXX_LANGUAGE_STANDARD = "gnu++20";
				CLANG_ENABLE_MODULES = YES;
				CLANG_ENABLE_OBJC_ARC = YES;
				CLANG_ENABLE_OBJC_WEAK = YES;
				CLANG_WARN_BLOCK_CAPTURE_AUTORELEASING = YES;
				CLANG_WARN_BOOL_CONVERSION = YES;
				CLANG_WARN_COMMA = YES;
				CLANG_WARN_CONSTANT_CONVERSION = YES;
				CLANG_WARN_DEPRECATED_OBJC_IMPLEMENTATIONS = YES;
				CLANG_WARN_DIRECT_OBJC_ISA_USAGE = YES_ERROR;
				CLANG_WARN_DOCUMENTATION_COMMENTS = YES;
				CLANG_WARN_EMPTY_BODY = YES;
				CLANG_WARN_ENUM_CONVERSION = YES;
				CLANG_WARN_INFINITE_RECURSION = YES;
				CLANG_WARN_INT_CONVERSION = YES;
				CLANG_WARN_NON_LITERAL_NULL_CONVERSION = YES;
				CLANG_WARN_OBJC_IMPLICIT_RETAIN_SELF = YES;
				CLANG_WARN_OBJC_LITERAL_CONVERSION = YES;
				CLANG_WARN_OBJC_ROOT_CLASS = YES_ERROR;
				CLANG_WARN_QUOTED_INCLUDE_IN_FRAMEWORK_HEADER = YES;
				CLANG_WARN_RANGE_LOOP_ANALYSIS = YES;
				CLANG_WARN_STRICT_PROTOTYPES = YES;
				CLANG_WARN_SUSPICIOUS_MOVE = YES;
				CLANG_WARN_UNGUARDED_AVAILABILITY = YES_AGGRESSIVE;
				CLANG_WARN_UNREACHABLE_CODE = YES;
				CLANG_WARN__DUPLICATE_METHOD_MATCH = YES;
				COPY_PHASE_STRIP = NO;
				DEBUG_INFORMATION_FORMAT = dwarf;
				ENABLE_STRICT_OBJC_MSGSEND = YES;
				ENABLE_TESTABILITY = YES;
				ENABLE_USER_SCRIPT_SANDBOXING = YES;
				GCC_C_LANGUAGE_STANDARD = gnu17;
				GCC_DYNAMIC_NO_PIC = NO;
				GCC_NO_COMMON_BLOCKS = YES;
				GCC_OPTIMIZATION_LEVEL = 0;
				GCC_PREPROCESSOR_DEFINITIONS = (
					"DEBUG=1",
					"$(inherited)",
				);
				GCC_WARN_64_TO_32_BIT_CONVERSION = YES;
				GCC_WARN_ABOUT_RETURN_TYPE = YES_ERROR;
				GCC_WARN_UNDECLARED_SELECTOR = YES;
				GCC_WARN_UNINITIALIZED_AUTOS = YES_AGGRESSIVE;
				GCC_WARN_UNUSED_FUNCTION = YES;
				GCC_WARN_UNUSED_VARIABLE = YES;
				IPHONEOS_DEPLOYMENT_TARGET = 17.2;
				LOCALIZATION_PREFERS_STRING_CATALOGS = YES;
				MTL_ENABLE_DEBUG_INFO = INCLUDE_SOURCE;
				MTL_FAST_MATH = YES;
				ONLY_ACTIVE_ARCH = YES;
				SDKROOT = iphoneos;
				SWIFT_ACTIVE_COMPILATION_CONDITIONS = "DEBUG $(inherited)";
				SWIFT_OPTIMIZATION_LEVEL = "-Onone";
			};
			name = Debug;
		};
		3457DA342B86A20500922545 /* Release */ = {
			isa = XCBuildConfiguration;
			buildSettings = {
				ALWAYS_SEARCH_USER_PATHS = NO;
				ASSETCATALOG_COMPILER_GENERATE_SWIFT_ASSET_SYMBOL_EXTENSIONS = YES;
				CLANG_ANALYZER_NONNULL = YES;
				CLANG_ANALYZER_NUMBER_OBJECT_CONVERSION = YES_AGGRESSIVE;
				CLANG_CXX_LANGUAGE_STANDARD = "gnu++20";
				CLANG_ENABLE_MODULES = YES;
				CLANG_ENABLE_OBJC_ARC = YES;
				CLANG_ENABLE_OBJC_WEAK = YES;
				CLANG_WARN_BLOCK_CAPTURE_AUTORELEASING = YES;
				CLANG_WARN_BOOL_CONVERSION = YES;
				CLANG_WARN_COMMA = YES;
				CLANG_WARN_CONSTANT_CONVERSION = YES;
				CLANG_WARN_DEPRECATED_OBJC_IMPLEMENTATIONS = YES;
				CLANG_WARN_DIRECT_OBJC_ISA_USAGE = YES_ERROR;
				CLANG_WARN_DOCUMENTATION_COMMENTS = YES;
				CLANG_WARN_EMPTY_BODY = YES;
				CLANG_WARN_ENUM_CONVERSION = YES;
				CLANG_WARN_INFINITE_RECURSION = YES;
				CLANG_WARN_INT_CONVERSION = YES;
				CLANG_WARN_NON_LITERAL_NULL_CONVERSION = YES;
				CLANG_WARN_OBJC_IMPLICIT_RETAIN_SELF = YES;
				CLANG_WARN_OBJC_LITERAL_CONVERSION = YES;
				CLANG_WARN_OBJC_ROOT_CLASS = YES_ERROR;
				CLANG_WARN_QUOTED_INCLUDE_IN_FRAMEWORK_HEADER = YES;
				CLANG_WARN_RANGE_LOOP_ANALYSIS = YES;
				CLANG_WARN_STRICT_PROTOTYPES = YES;
				CLANG_WARN_SUSPICIOUS_MOVE = YES;
				CLANG_WARN_UNGUARDED_AVAILABILITY = YES_AGGRESSIVE;
				CLANG_WARN_UNREACHABLE_CODE = YES;
				CLANG_WARN__DUPLICATE_METHOD_MATCH = YES;
				COPY_PHASE_STRIP = NO;
				DEBUG_INFORMATION_FORMAT = "dwarf-with-dsym";
				ENABLE_NS_ASSERTIONS = NO;
				ENABLE_STRICT_OBJC_MSGSEND = YES;
				ENABLE_USER_SCRIPT_SANDBOXING = YES;
				GCC_C_LANGUAGE_STANDARD = gnu17;
				GCC_NO_COMMON_BLOCKS = YES;
				GCC_WARN_64_TO_32_BIT_CONVERSION = YES;
				GCC_WARN_ABOUT_RETURN_TYPE = YES_ERROR;
				GCC_WARN_UNDECLARED_SELECTOR = YES;
				GCC_WARN_UNINITIALIZED_AUTOS = YES_AGGRESSIVE;
				GCC_WARN_UNUSED_FUNCTION = YES;
				GCC_WARN_UNUSED_VARIABLE = YES;
				IPHONEOS_DEPLOYMENT_TARGET = 17.2;
				LOCALIZATION_PREFERS_STRING_CATALOGS = YES;
				MTL_ENABLE_DEBUG_INFO = NO;
				MTL_FAST_MATH = YES;
				SDKROOT = iphoneos;
				SWIFT_COMPILATION_MODE = wholemodule;
				VALIDATE_PRODUCT = YES;
			};
			name = Release;
		};
		3457DA362B86A20500922545 /* Debug */ = {
			isa = XCBuildConfiguration;
			buildSettings = {
				ASSETCATALOG_COMPILER_APPICON_NAME = AppIcon;
				ASSETCATALOG_COMPILER_GLOBAL_ACCENT_COLOR_NAME = AccentColor;
				CODE_SIGN_STYLE = Automatic;
				CURRENT_PROJECT_VERSION = 1;
				GENERATE_INFOPLIST_FILE = YES;
				INFOPLIST_FILE = LearnQuest/Info.plist;
				INFOPLIST_KEY_UIApplicationSupportsIndirectInputEvents = YES;
				INFOPLIST_KEY_UILaunchStoryboardName = LaunchScreen;
				INFOPLIST_KEY_UIMainStoryboardFile = Main;
				INFOPLIST_KEY_UISupportedInterfaceOrientations = "UIInterfaceOrientationLandscapeLeft UIInterfaceOrientationLandscapeRight";
				LD_RUNPATH_SEARCH_PATHS = (
					"$(inherited)",
					"@executable_path/Frameworks",
				);
				MARKETING_VERSION = 1.0;
				PRODUCT_BUNDLE_IDENTIFIER = edu.nwmissouri.spring24.cs44643.sec02.LearnQuest;
				PRODUCT_NAME = "$(TARGET_NAME)";
				SWIFT_EMIT_LOC_STRINGS = YES;
				SWIFT_VERSION = 5.0;
				TARGETED_DEVICE_FAMILY = "1,2";
			};
			name = Debug;
		};
		3457DA372B86A20500922545 /* Release */ = {
			isa = XCBuildConfiguration;
			buildSettings = {
				ASSETCATALOG_COMPILER_APPICON_NAME = AppIcon;
				ASSETCATALOG_COMPILER_GLOBAL_ACCENT_COLOR_NAME = AccentColor;
				CODE_SIGN_STYLE = Automatic;
				CURRENT_PROJECT_VERSION = 1;
				GENERATE_INFOPLIST_FILE = YES;
				INFOPLIST_FILE = LearnQuest/Info.plist;
				INFOPLIST_KEY_UIApplicationSupportsIndirectInputEvents = YES;
				INFOPLIST_KEY_UILaunchStoryboardName = LaunchScreen;
				INFOPLIST_KEY_UIMainStoryboardFile = Main;
				INFOPLIST_KEY_UISupportedInterfaceOrientations = "UIInterfaceOrientationLandscapeLeft UIInterfaceOrientationLandscapeRight";
				LD_RUNPATH_SEARCH_PATHS = (
					"$(inherited)",
					"@executable_path/Frameworks",
				);
				MARKETING_VERSION = 1.0;
				PRODUCT_BUNDLE_IDENTIFIER = edu.nwmissouri.spring24.cs44643.sec02.LearnQuest;
				PRODUCT_NAME = "$(TARGET_NAME)";
				SWIFT_EMIT_LOC_STRINGS = YES;
				SWIFT_VERSION = 5.0;
				TARGETED_DEVICE_FAMILY = "1,2";
			};
			name = Release;
		};
/* End XCBuildConfiguration section */

/* Begin XCConfigurationList section */
		3457DA1C2B86A20100922545 /* Build configuration list for PBXProject "LearnQuest" */ = {
			isa = XCConfigurationList;
			buildConfigurations = (
				3457DA332B86A20500922545 /* Debug */,
				3457DA342B86A20500922545 /* Release */,
			);
			defaultConfigurationIsVisible = 0;
			defaultConfigurationName = Release;
		};
		3457DA352B86A20500922545 /* Build configuration list for PBXNativeTarget "LearnQuest" */ = {
			isa = XCConfigurationList;
			buildConfigurations = (
				3457DA362B86A20500922545 /* Debug */,
				3457DA372B86A20500922545 /* Release */,
			);
			defaultConfigurationIsVisible = 0;
			defaultConfigurationName = Release;
		};
/* End XCConfigurationList section */

/* Begin XCRemoteSwiftPackageReference section */
		3457DA382B86A3ED00922545 /* XCRemoteSwiftPackageReference "lottie-ios" */ = {
			isa = XCRemoteSwiftPackageReference;
			repositoryURL = "https://github.com/airbnb/lottie-ios.git";
			requirement = {
				kind = upToNextMajorVersion;
				minimumVersion = 4.4.1;
			};
		};
		3457DA3B2B86A3F900922545 /* XCRemoteSwiftPackageReference "AnimatedGradientView" */ = {
			isa = XCRemoteSwiftPackageReference;
			repositoryURL = "https://github.com/rwbutler/AnimatedGradientView.git";
			requirement = {
				kind = upToNextMajorVersion;
				minimumVersion = 3.1.1;
			};
		};
/* End XCRemoteSwiftPackageReference section */

/* Begin XCSwiftPackageProductDependency section */
		3457DA392B86A3ED00922545 /* Lottie */ = {
			isa = XCSwiftPackageProductDependency;
			package = 3457DA382B86A3ED00922545 /* XCRemoteSwiftPackageReference "lottie-ios" */;
			productName = Lottie;
		};
		3457DA3C2B86A3F900922545 /* AnimatedGradientView */ = {
			isa = XCSwiftPackageProductDependency;
			package = 3457DA3B2B86A3F900922545 /* XCRemoteSwiftPackageReference "AnimatedGradientView" */;
			productName = AnimatedGradientView;
		};
/* End XCSwiftPackageProductDependency section */
	};
	rootObject = 3457DA192B86A20100922545 /* Project object */;
}
